{
  "name": "hipku",
  "lockfileVersion": 2,
  "requires": true,
  "packages": {
    "": {
      "dependencies": {
        "hipku": "^2.0.0"
      }
    },
    "node_modules/hipku": {
      "version": "2.0.0",
      "resolved": "https://registry.npmjs.org/hipku/-/hipku-2.0.0.tgz",
      "integrity": "sha512-gqMECup2EMunw+rsHeJ1UFhcocNv84V50LuHNq1fn89KnN+wVCuENklUxLI9N5jplTSc2zDPUa7SXJOnMfjylg=="
    }
  },
  "dependencies": {
    "hipku": {
      "version": "2.0.0",
      "resolved": "https://registry.npmjs.org/hipku/-/hipku-2.0.0.tgz",
      "integrity": "sha512-gqMECup2EMunw+rsHeJ1UFhcocNv84V50LuHNq1fn89KnN+wVCuENklUxLI9N5jplTSc2zDPUa7SXJOnMfjylg=="
    }
  }
}
